// !$*UTF8*$!
{
	archiveVersion = 1;
	classes = {
	};
	objectVersion = 46;
	objects = {

/* Begin PBXFileReference section */
		7283A5B51BE22708006AB581 /* Classes */ = {isa = PBXFileReference; lastKnownFileType = folder; path = Classes; sourceTree = "<group>"; };
		7283A5B61BE22778006AB581 /* LICENSE */ = {isa = PBXFileReference; lastKnownFileType = text; path = LICENSE; sourceTree = "<group>"; };
		7283A5B81BE22778006AB581 /* MyLibrary.podspec */ = {isa = PBXFileReference; lastKnownFileType = text; path = MyLibrary.podspec; sourceTree = "<group>"; };
		7283A5B91BE22778006AB581 /* Project */ = {isa = PBXFileReference; lastKnownFileType = folder; path = Project; sourceTree = "<group>"; };
		7283A5BA1BE22778006AB581 /* Readme.markdown */ = {isa = PBXFileReference; lastKnownFileType = net.daringfireball.markdown; path = Readme.markdown; sourceTree = "<group>"; };
		7283A5BB1BE22778006AB581 /* Resources */ = {isa = PBXFileReference; lastKnownFileType = folder; path = Resources; sourceTree = "<group>"; };
/* End PBXFileReference section */

/* Begin PBXGroup section */
		7283A57F1BE214F1006AB581 = {
			isa = PBXGroup;
			children = (
				7283A5B61BE22778006AB581 /* LICENSE */,
				7283A5B81BE22778006AB581 /* MyLibrary.podspec */,
				7283A5B91BE22778006AB581 /* Project */,
				7283A5BA1BE22778006AB581 /* Readme.markdown */,
				7283A5BB1BE22778006AB581 /* Resources */,
				7283A5B51BE22708006AB581 /* Classes */,
			);
			sourceTree = "<group>";
		};
/* End PBXGroup section */

/* Begin PBXProject section */
		7283A5801BE214F1006AB581 /* Project object */ = {
			isa = PBXProject;
			attributes = {
				LastUpgradeCheck = 0640;
			};
			buildConfigurationList = 7283A5831BE214F1006AB581 /* Build configuration list for PBXProject "HttpPods" */;
			compatibilityVersion = "Xcode 3.2";
			developmentRegion = English;
			hasScannedForEncodings = 0;
			knownRegions = (
				en,
			);
			mainGroup = 7283A57F1BE214F1006AB581;
			projectDirPath = "";
			projectRoot = "";
			targets = (
			);
		};
/* End PBXProject section */

/* Begin XCBuildConfiguration section */
		7283A5841BE214F1006AB581 /* Debug */ = {
			isa = XCBuildConfiguration;
			buildSettings = {
			};
			name = Debug;
		};
		7283A5851BE214F1006AB581 /* Release */ = {
			isa = XCBuildConfiguration;
			buildSettings = {
			};
			name = Release;
		};
/* End XCBuildConfiguration section */

/* Begin XCConfigurationList section */
		7283A5831BE214F1006AB581 /* Build configuration list for PBXProject "HttpPods" */ = {
			isa = XCConfigurationList;
			buildConfigurations = (
				7283A5841BE214F1006AB581 /* Debug */,
				7283A5851BE214F1006AB581 /* Release */,
			);
			defaultConfigurationIsVisible = 0;
			defaultConfigurationName = Release;
		};
/* End XCConfigurationList section */
	};
	rootObject = 7283A5801BE214F1006AB581 /* Project object */;
}
